github.com/dec1i1bel/post05 v0.0.0-20251225060447-8509c12c64c1 h1:ZYLfFFK28O6pHz2EdplID2vN1bK70ZUCV9vSbA+rdvk=
github.com/dec1i1bel/post05 v0.0.0-20251225060447-8509c12c64c1/go.mod h1:cE37A9UlIZZliC8qBRkDuzt8QCmTEMpIOOD81jNqfOY=
github.com/lib/pq v1.10.9 h1:YXG7RB+JIjhP29X+OtkiDnYaXQwpS4JEWq7dtCCRUEw=
github.com/lib/pq v1.10.9/go.mod h1:AlVN5x4E4T544tWzH6hKfbfQvm3HdbOxrmggDNAPY9o=
